
Microsoft Visual Studio Solution File, Format Version 12.00
# Visual Studio Version 16
VisualStudioVersion = 16.0.29123.88
MinimumVisualStudioVersion = 10.0.40219.1
Project("{FAE04EC0-301F-11D3-BF4B-00C04F79EFBC}") = "X-Core", "X-Core\X-Core.csproj", "{963FA97C-9E9C-440D-957D-ABC6A9D6D02E}"
EndProject
Global
	GlobalSection(SolutionConfigurationPlatforms) = preSolution
		Debug|Any CPU = Debug|Any CPU
		Release|Any CPU = Release|Any CPU
	EndGlobalSection
	GlobalSection(ProjectConfigurationPlatforms) = postSolution
		{963FA97C-9E9C-440D-957D-ABC6A9D6D02E}.Debug|Any CPU.ActiveCfg = Debug|Any CPU
		{963FA97C-9E9C-440D-957D-ABC6A9D6D02E}.Debug|Any CPU.Build.0 = Debug|Any CPU
		{963FA97C-9E9C-440D-957D-ABC6A9D6D02E}.Release|Any CPU.ActiveCfg = Release|Any CPU
		{963FA97C-9E9C-440D-957D-ABC6A9D6D02E}.Release|Any CPU.Build.0 = Release|Any CPU
	EndGlobalSection
	GlobalSection(SolutionProperties) = preSolution
		HideSolutionNode = FALSE
	EndGlobalSection
	GlobalSection(ExtensibilityGlobals) = postSolution
		SolutionGuid = {8AE2019D-043D-4915-8B25-15DE1E2172A6}
	EndGlobalSection
EndGlobal
