
Microsoft Visual Studio Solution File, Format Version 12.00
# Visual Studio Version 16
VisualStudioVersion = 16.0.30104.148
MinimumVisualStudioVersion = 10.0.40219.1
Project("{FAE04EC0-301F-11D3-BF4B-00C04F79EFBC}") = "zB2229_Ai-AppMachine", "zB2229_Ai-AppMachine.csproj", "{980DF92D-DD13-4F0F-98FA-B2174016C08E}"
EndProject
Project("{2150E333-8FDC-42A3-9474-1A3956D46DE8}") = "AiModel", "AiModel", "{C5662C42-BE10-407A-92DA-240125AC353E}"
EndProject
Project("{FAE04EC0-301F-11D3-BF4B-00C04F79EFBC}") = "X-Core", "..\AppCore\X-Core\X-Core\X-Core.csproj", "{963FA97C-9E9C-440D-957D-ABC6A9D6D02E}"
EndProject
Project("{FAE04EC0-301F-11D3-BF4B-00C04F79EFBC}") = "X-Unit", "..\AppCore\X-Unit\X-Unit\X-Unit.csproj", "{25560B73-8FE0-4357-8156-19704E247190}"
EndProject
Project("{2150E333-8FDC-42A3-9474-1A3956D46DE8}") = "AiComponent", "AiComponent", "{81F140C8-B06C-4391-8972-A5B4446D0D4E}"
EndProject
Project("{2150E333-8FDC-42A3-9474-1A3956D46DE8}") = "ConnectType", "ConnectType", "{0BD7E114-A340-4EAE-92E1-C7455F534121}"
EndProject
Project("{2150E333-8FDC-42A3-9474-1A3956D46DE8}") = "Commu", "Commu", "{AE8F0841-009F-430A-A6E9-6B014FD3DC46}"
EndProject
Project("{2150E333-8FDC-42A3-9474-1A3956D46DE8}") = "Logs", "Logs", "{46F7487B-0E54-43DF-B6EB-864989F1C677}"
EndProject
Project("{FAE04EC0-301F-11D3-BF4B-00C04F79EFBC}") = "CommuSystem", "..\AppComponent\Communications\ConnectBase\CommuSystem.csproj", "{1FA80E64-1394-42F1-88E6-A4ADF533F49E}"
EndProject
Project("{FAE04EC0-301F-11D3-BF4B-00C04F79EFBC}") = "Comport", "..\AppComponent\Communications\RS232\Comport.csproj", "{2BA38073-C5C6-4DFD-A2EA-15F00A956F5C}"
EndProject
Project("{FAE04EC0-301F-11D3-BF4B-00C04F79EFBC}") = "TCPIP", "..\AppComponent\Communications\TCPIP\TCPIP.csproj", "{393CA60A-1633-4A23-801F-FBFF21866282}"
EndProject
Project("{FAE04EC0-301F-11D3-BF4B-00C04F79EFBC}") = "LogSystem", "..\AppComponent\Communications\LogSystems\DefaultLogger\LogSystem.csproj", "{08F7D7AA-10F8-4C16-B505-2F2AA7E87E37}"
EndProject
Project("{2150E333-8FDC-42A3-9474-1A3956D46DE8}") = "AiComponentDevice", "AiComponentDevice", "{610FD9A3-9E58-421A-ABB2-C75D86FBB817}"
EndProject
Project("{2150E333-8FDC-42A3-9474-1A3956D46DE8}") = "PC-Link", "PC-Link", "{772D0D48-98D1-409C-80E6-FB356C684E55}"
EndProject
Project("{FAE04EC0-301F-11D3-BF4B-00C04F79EFBC}") = "PcToPc", "..\Pc2Pc\PcToPc.csproj", "{806875B3-D1C5-4889-B56B-9E8C30A1303C}"
EndProject
Project("{2150E333-8FDC-42A3-9474-1A3956D46DE8}") = "AiControls", "AiControls", "{52E1BD21-CB1A-4DA0-A286-993930E6C4B8}"
EndProject
Project("{FAE04EC0-301F-11D3-BF4B-00C04F79EFBC}") = "SMLib", "..\AppComponent\SM-Flow\SMLib.csproj", "{4CDED7E6-374F-4B39-993C-E0E7599A079F}"
EndProject
Project("{FAE04EC0-301F-11D3-BF4B-00C04F79EFBC}") = "SMFlowChart", "..\AppComponent\SM-Flow\SMFlowChart\SMFlowChart.csproj", "{6854FEC3-1AAE-42B8-A534-5B5985B0CC6E}"
EndProject
Global
	GlobalSection(SolutionConfigurationPlatforms) = preSolution
		Debug|Any CPU = Debug|Any CPU
		Debug|x64 = Debug|x64
		Debug|x86 = Debug|x86
		Release|Any CPU = Release|Any CPU
		Release|x64 = Release|x64
		Release|x86 = Release|x86
		X86|Any CPU = X86|Any CPU
		X86|x64 = X86|x64
		X86|x86 = X86|x86
	EndGlobalSection
	GlobalSection(ProjectConfigurationPlatforms) = postSolution
		{980DF92D-DD13-4F0F-98FA-B2174016C08E}.Debug|Any CPU.ActiveCfg = Debug|Any CPU
		{980DF92D-DD13-4F0F-98FA-B2174016C08E}.Debug|Any CPU.Build.0 = Debug|Any CPU
		{980DF92D-DD13-4F0F-98FA-B2174016C08E}.Debug|x64.ActiveCfg = Debug|Any CPU
		{980DF92D-DD13-4F0F-98FA-B2174016C08E}.Debug|x64.Build.0 = Debug|Any CPU
		{980DF92D-DD13-4F0F-98FA-B2174016C08E}.Debug|x86.ActiveCfg = Debug|Any CPU
		{980DF92D-DD13-4F0F-98FA-B2174016C08E}.Debug|x86.Build.0 = Debug|Any CPU
		{980DF92D-DD13-4F0F-98FA-B2174016C08E}.Release|Any CPU.ActiveCfg = Release|Any CPU
		{980DF92D-DD13-4F0F-98FA-B2174016C08E}.Release|Any CPU.Build.0 = Release|Any CPU
		{980DF92D-DD13-4F0F-98FA-B2174016C08E}.Release|x64.ActiveCfg = Release|Any CPU
		{980DF92D-DD13-4F0F-98FA-B2174016C08E}.Release|x64.Build.0 = Release|Any CPU
		{980DF92D-DD13-4F0F-98FA-B2174016C08E}.Release|x86.ActiveCfg = Release|Any CPU
		{980DF92D-DD13-4F0F-98FA-B2174016C08E}.Release|x86.Build.0 = Release|Any CPU
		{980DF92D-DD13-4F0F-98FA-B2174016C08E}.X86|Any CPU.ActiveCfg = Release|Any CPU
		{980DF92D-DD13-4F0F-98FA-B2174016C08E}.X86|Any CPU.Build.0 = Release|Any CPU
		{980DF92D-DD13-4F0F-98FA-B2174016C08E}.X86|x64.ActiveCfg = Release|Any CPU
		{980DF92D-DD13-4F0F-98FA-B2174016C08E}.X86|x64.Build.0 = Release|Any CPU
		{980DF92D-DD13-4F0F-98FA-B2174016C08E}.X86|x86.ActiveCfg = Release|Any CPU
		{980DF92D-DD13-4F0F-98FA-B2174016C08E}.X86|x86.Build.0 = Release|Any CPU
		{963FA97C-9E9C-440D-957D-ABC6A9D6D02E}.Debug|Any CPU.ActiveCfg = Debug|Any CPU
		{963FA97C-9E9C-440D-957D-ABC6A9D6D02E}.Debug|Any CPU.Build.0 = Debug|Any CPU
		{963FA97C-9E9C-440D-957D-ABC6A9D6D02E}.Debug|x64.ActiveCfg = Debug|Any CPU
		{963FA97C-9E9C-440D-957D-ABC6A9D6D02E}.Debug|x64.Build.0 = Debug|Any CPU
		{963FA97C-9E9C-440D-957D-ABC6A9D6D02E}.Debug|x86.ActiveCfg = Debug|Any CPU
		{963FA97C-9E9C-440D-957D-ABC6A9D6D02E}.Debug|x86.Build.0 = Debug|Any CPU
		{963FA97C-9E9C-440D-957D-ABC6A9D6D02E}.Release|Any CPU.ActiveCfg = Release|Any CPU
		{963FA97C-9E9C-440D-957D-ABC6A9D6D02E}.Release|Any CPU.Build.0 = Release|Any CPU
		{963FA97C-9E9C-440D-957D-ABC6A9D6D02E}.Release|x64.ActiveCfg = Release|Any CPU
		{963FA97C-9E9C-440D-957D-ABC6A9D6D02E}.Release|x64.Build.0 = Release|Any CPU
		{963FA97C-9E9C-440D-957D-ABC6A9D6D02E}.Release|x86.ActiveCfg = Release|Any CPU
		{963FA97C-9E9C-440D-957D-ABC6A9D6D02E}.Release|x86.Build.0 = Release|Any CPU
		{963FA97C-9E9C-440D-957D-ABC6A9D6D02E}.X86|Any CPU.ActiveCfg = Release|Any CPU
		{963FA97C-9E9C-440D-957D-ABC6A9D6D02E}.X86|Any CPU.Build.0 = Release|Any CPU
		{963FA97C-9E9C-440D-957D-ABC6A9D6D02E}.X86|x64.ActiveCfg = Release|Any CPU
		{963FA97C-9E9C-440D-957D-ABC6A9D6D02E}.X86|x64.Build.0 = Release|Any CPU
		{963FA97C-9E9C-440D-957D-ABC6A9D6D02E}.X86|x86.ActiveCfg = Release|Any CPU
		{963FA97C-9E9C-440D-957D-ABC6A9D6D02E}.X86|x86.Build.0 = Release|Any CPU
		{25560B73-8FE0-4357-8156-19704E247190}.Debug|Any CPU.ActiveCfg = Debug|Any CPU
		{25560B73-8FE0-4357-8156-19704E247190}.Debug|Any CPU.Build.0 = Debug|Any CPU
		{25560B73-8FE0-4357-8156-19704E247190}.Debug|x64.ActiveCfg = Debug|Any CPU
		{25560B73-8FE0-4357-8156-19704E247190}.Debug|x64.Build.0 = Debug|Any CPU
		{25560B73-8FE0-4357-8156-19704E247190}.Debug|x86.ActiveCfg = Debug|Any CPU
		{25560B73-8FE0-4357-8156-19704E247190}.Debug|x86.Build.0 = Debug|Any CPU
		{25560B73-8FE0-4357-8156-19704E247190}.Release|Any CPU.ActiveCfg = Release|Any CPU
		{25560B73-8FE0-4357-8156-19704E247190}.Release|Any CPU.Build.0 = Release|Any CPU
		{25560B73-8FE0-4357-8156-19704E247190}.Release|x64.ActiveCfg = Release|Any CPU
		{25560B73-8FE0-4357-8156-19704E247190}.Release|x64.Build.0 = Release|Any CPU
		{25560B73-8FE0-4357-8156-19704E247190}.Release|x86.ActiveCfg = Release|Any CPU
		{25560B73-8FE0-4357-8156-19704E247190}.Release|x86.Build.0 = Release|Any CPU
		{25560B73-8FE0-4357-8156-19704E247190}.X86|Any CPU.ActiveCfg = Release|Any CPU
		{25560B73-8FE0-4357-8156-19704E247190}.X86|Any CPU.Build.0 = Release|Any CPU
		{25560B73-8FE0-4357-8156-19704E247190}.X86|x64.ActiveCfg = Release|Any CPU
		{25560B73-8FE0-4357-8156-19704E247190}.X86|x64.Build.0 = Release|Any CPU
		{25560B73-8FE0-4357-8156-19704E247190}.X86|x86.ActiveCfg = Release|Any CPU
		{25560B73-8FE0-4357-8156-19704E247190}.X86|x86.Build.0 = Release|Any CPU
		{1FA80E64-1394-42F1-88E6-A4ADF533F49E}.Debug|Any CPU.ActiveCfg = Debug|Any CPU
		{1FA80E64-1394-42F1-88E6-A4ADF533F49E}.Debug|Any CPU.Build.0 = Debug|Any CPU
		{1FA80E64-1394-42F1-88E6-A4ADF533F49E}.Debug|x64.ActiveCfg = Debug|x64
		{1FA80E64-1394-42F1-88E6-A4ADF533F49E}.Debug|x64.Build.0 = Debug|x64
		{1FA80E64-1394-42F1-88E6-A4ADF533F49E}.Debug|x86.ActiveCfg = Debug|x86
		{1FA80E64-1394-42F1-88E6-A4ADF533F49E}.Debug|x86.Build.0 = Debug|x86
		{1FA80E64-1394-42F1-88E6-A4ADF533F49E}.Release|Any CPU.ActiveCfg = Release|Any CPU
		{1FA80E64-1394-42F1-88E6-A4ADF533F49E}.Release|Any CPU.Build.0 = Release|Any CPU
		{1FA80E64-1394-42F1-88E6-A4ADF533F49E}.Release|x64.ActiveCfg = Release|x64
		{1FA80E64-1394-42F1-88E6-A4ADF533F49E}.Release|x64.Build.0 = Release|x64
		{1FA80E64-1394-42F1-88E6-A4ADF533F49E}.Release|x86.ActiveCfg = Release|x86
		{1FA80E64-1394-42F1-88E6-A4ADF533F49E}.Release|x86.Build.0 = Release|x86
		{1FA80E64-1394-42F1-88E6-A4ADF533F49E}.X86|Any CPU.ActiveCfg = Release|Any CPU
		{1FA80E64-1394-42F1-88E6-A4ADF533F49E}.X86|Any CPU.Build.0 = Release|Any CPU
		{1FA80E64-1394-42F1-88E6-A4ADF533F49E}.X86|x64.ActiveCfg = Release|x64
		{1FA80E64-1394-42F1-88E6-A4ADF533F49E}.X86|x64.Build.0 = Release|x64
		{1FA80E64-1394-42F1-88E6-A4ADF533F49E}.X86|x86.ActiveCfg = Release|x86
		{1FA80E64-1394-42F1-88E6-A4ADF533F49E}.X86|x86.Build.0 = Release|x86
		{2BA38073-C5C6-4DFD-A2EA-15F00A956F5C}.Debug|Any CPU.ActiveCfg = Debug|Any CPU
		{2BA38073-C5C6-4DFD-A2EA-15F00A956F5C}.Debug|Any CPU.Build.0 = Debug|Any CPU
		{2BA38073-C5C6-4DFD-A2EA-15F00A956F5C}.Debug|x64.ActiveCfg = Debug|x64
		{2BA38073-C5C6-4DFD-A2EA-15F00A956F5C}.Debug|x64.Build.0 = Debug|x64
		{2BA38073-C5C6-4DFD-A2EA-15F00A956F5C}.Debug|x86.ActiveCfg = Debug|x86
		{2BA38073-C5C6-4DFD-A2EA-15F00A956F5C}.Debug|x86.Build.0 = Debug|x86
		{2BA38073-C5C6-4DFD-A2EA-15F00A956F5C}.Release|Any CPU.ActiveCfg = Release|Any CPU
		{2BA38073-C5C6-4DFD-A2EA-15F00A956F5C}.Release|Any CPU.Build.0 = Release|Any CPU
		{2BA38073-C5C6-4DFD-A2EA-15F00A956F5C}.Release|x64.ActiveCfg = Release|x64
		{2BA38073-C5C6-4DFD-A2EA-15F00A956F5C}.Release|x64.Build.0 = Release|x64
		{2BA38073-C5C6-4DFD-A2EA-15F00A956F5C}.Release|x86.ActiveCfg = Release|x86
		{2BA38073-C5C6-4DFD-A2EA-15F00A956F5C}.Release|x86.Build.0 = Release|x86
		{2BA38073-C5C6-4DFD-A2EA-15F00A956F5C}.X86|Any CPU.ActiveCfg = Release|Any CPU
		{2BA38073-C5C6-4DFD-A2EA-15F00A956F5C}.X86|Any CPU.Build.0 = Release|Any CPU
		{2BA38073-C5C6-4DFD-A2EA-15F00A956F5C}.X86|x64.ActiveCfg = Release|x64
		{2BA38073-C5C6-4DFD-A2EA-15F00A956F5C}.X86|x64.Build.0 = Release|x64
		{2BA38073-C5C6-4DFD-A2EA-15F00A956F5C}.X86|x86.ActiveCfg = Release|x86
		{2BA38073-C5C6-4DFD-A2EA-15F00A956F5C}.X86|x86.Build.0 = Release|x86
		{393CA60A-1633-4A23-801F-FBFF21866282}.Debug|Any CPU.ActiveCfg = Debug|Any CPU
		{393CA60A-1633-4A23-801F-FBFF21866282}.Debug|Any CPU.Build.0 = Debug|Any CPU
		{393CA60A-1633-4A23-801F-FBFF21866282}.Debug|x64.ActiveCfg = Debug|x64
		{393CA60A-1633-4A23-801F-FBFF21866282}.Debug|x64.Build.0 = Debug|x64
		{393CA60A-1633-4A23-801F-FBFF21866282}.Debug|x86.ActiveCfg = Debug|x86
		{393CA60A-1633-4A23-801F-FBFF21866282}.Debug|x86.Build.0 = Debug|x86
		{393CA60A-1633-4A23-801F-FBFF21866282}.Release|Any CPU.ActiveCfg = Release|Any CPU
		{393CA60A-1633-4A23-801F-FBFF21866282}.Release|Any CPU.Build.0 = Release|Any CPU
		{393CA60A-1633-4A23-801F-FBFF21866282}.Release|x64.ActiveCfg = Release|x64
		{393CA60A-1633-4A23-801F-FBFF21866282}.Release|x64.Build.0 = Release|x64
		{393CA60A-1633-4A23-801F-FBFF21866282}.Release|x86.ActiveCfg = Release|x86
		{393CA60A-1633-4A23-801F-FBFF21866282}.Release|x86.Build.0 = Release|x86
		{393CA60A-1633-4A23-801F-FBFF21866282}.X86|Any CPU.ActiveCfg = Release|Any CPU
		{393CA60A-1633-4A23-801F-FBFF21866282}.X86|Any CPU.Build.0 = Release|Any CPU
		{393CA60A-1633-4A23-801F-FBFF21866282}.X86|x64.ActiveCfg = Release|x64
		{393CA60A-1633-4A23-801F-FBFF21866282}.X86|x64.Build.0 = Release|x64
		{393CA60A-1633-4A23-801F-FBFF21866282}.X86|x86.ActiveCfg = Release|x86
		{393CA60A-1633-4A23-801F-FBFF21866282}.X86|x86.Build.0 = Release|x86
		{08F7D7AA-10F8-4C16-B505-2F2AA7E87E37}.Debug|Any CPU.ActiveCfg = Debug|Any CPU
		{08F7D7AA-10F8-4C16-B505-2F2AA7E87E37}.Debug|Any CPU.Build.0 = Debug|Any CPU
		{08F7D7AA-10F8-4C16-B505-2F2AA7E87E37}.Debug|x64.ActiveCfg = Debug|x64
		{08F7D7AA-10F8-4C16-B505-2F2AA7E87E37}.Debug|x64.Build.0 = Debug|x64
		{08F7D7AA-10F8-4C16-B505-2F2AA7E87E37}.Debug|x86.ActiveCfg = Debug|x86
		{08F7D7AA-10F8-4C16-B505-2F2AA7E87E37}.Debug|x86.Build.0 = Debug|x86
		{08F7D7AA-10F8-4C16-B505-2F2AA7E87E37}.Release|Any CPU.ActiveCfg = Release|Any CPU
		{08F7D7AA-10F8-4C16-B505-2F2AA7E87E37}.Release|Any CPU.Build.0 = Release|Any CPU
		{08F7D7AA-10F8-4C16-B505-2F2AA7E87E37}.Release|x64.ActiveCfg = Release|x64
		{08F7D7AA-10F8-4C16-B505-2F2AA7E87E37}.Release|x64.Build.0 = Release|x64
		{08F7D7AA-10F8-4C16-B505-2F2AA7E87E37}.Release|x86.ActiveCfg = Release|x86
		{08F7D7AA-10F8-4C16-B505-2F2AA7E87E37}.Release|x86.Build.0 = Release|x86
		{08F7D7AA-10F8-4C16-B505-2F2AA7E87E37}.X86|Any CPU.ActiveCfg = Release|Any CPU
		{08F7D7AA-10F8-4C16-B505-2F2AA7E87E37}.X86|Any CPU.Build.0 = Release|Any CPU
		{08F7D7AA-10F8-4C16-B505-2F2AA7E87E37}.X86|x64.ActiveCfg = Release|x64
		{08F7D7AA-10F8-4C16-B505-2F2AA7E87E37}.X86|x64.Build.0 = Release|x64
		{08F7D7AA-10F8-4C16-B505-2F2AA7E87E37}.X86|x86.ActiveCfg = Release|x86
		{08F7D7AA-10F8-4C16-B505-2F2AA7E87E37}.X86|x86.Build.0 = Release|x86
		{806875B3-D1C5-4889-B56B-9E8C30A1303C}.Debug|Any CPU.ActiveCfg = Debug|Any CPU
		{806875B3-D1C5-4889-B56B-9E8C30A1303C}.Debug|Any CPU.Build.0 = Debug|Any CPU
		{806875B3-D1C5-4889-B56B-9E8C30A1303C}.Debug|x64.ActiveCfg = Debug|Any CPU
		{806875B3-D1C5-4889-B56B-9E8C30A1303C}.Debug|x64.Build.0 = Debug|Any CPU
		{806875B3-D1C5-4889-B56B-9E8C30A1303C}.Debug|x86.ActiveCfg = Debug|Any CPU
		{806875B3-D1C5-4889-B56B-9E8C30A1303C}.Debug|x86.Build.0 = Debug|Any CPU
		{806875B3-D1C5-4889-B56B-9E8C30A1303C}.Release|Any CPU.ActiveCfg = Release|Any CPU
		{806875B3-D1C5-4889-B56B-9E8C30A1303C}.Release|Any CPU.Build.0 = Release|Any CPU
		{806875B3-D1C5-4889-B56B-9E8C30A1303C}.Release|x64.ActiveCfg = Release|Any CPU
		{806875B3-D1C5-4889-B56B-9E8C30A1303C}.Release|x64.Build.0 = Release|Any CPU
		{806875B3-D1C5-4889-B56B-9E8C30A1303C}.Release|x86.ActiveCfg = Release|Any CPU
		{806875B3-D1C5-4889-B56B-9E8C30A1303C}.Release|x86.Build.0 = Release|Any CPU
		{806875B3-D1C5-4889-B56B-9E8C30A1303C}.X86|Any CPU.ActiveCfg = Release|Any CPU
		{806875B3-D1C5-4889-B56B-9E8C30A1303C}.X86|Any CPU.Build.0 = Release|Any CPU
		{806875B3-D1C5-4889-B56B-9E8C30A1303C}.X86|x64.ActiveCfg = Release|Any CPU
		{806875B3-D1C5-4889-B56B-9E8C30A1303C}.X86|x64.Build.0 = Release|Any CPU
		{806875B3-D1C5-4889-B56B-9E8C30A1303C}.X86|x86.ActiveCfg = Release|Any CPU
		{806875B3-D1C5-4889-B56B-9E8C30A1303C}.X86|x86.Build.0 = Release|Any CPU
		{4CDED7E6-374F-4B39-993C-E0E7599A079F}.Debug|Any CPU.ActiveCfg = Debug|Any CPU
		{4CDED7E6-374F-4B39-993C-E0E7599A079F}.Debug|Any CPU.Build.0 = Debug|Any CPU
		{4CDED7E6-374F-4B39-993C-E0E7599A079F}.Debug|x64.ActiveCfg = Debug|x64
		{4CDED7E6-374F-4B39-993C-E0E7599A079F}.Debug|x64.Build.0 = Debug|x64
		{4CDED7E6-374F-4B39-993C-E0E7599A079F}.Debug|x86.ActiveCfg = Debug|x86
		{4CDED7E6-374F-4B39-993C-E0E7599A079F}.Debug|x86.Build.0 = Debug|x86
		{4CDED7E6-374F-4B39-993C-E0E7599A079F}.Release|Any CPU.ActiveCfg = Release|Any CPU
		{4CDED7E6-374F-4B39-993C-E0E7599A079F}.Release|Any CPU.Build.0 = Release|Any CPU
		{4CDED7E6-374F-4B39-993C-E0E7599A079F}.Release|x64.ActiveCfg = Release|x64
		{4CDED7E6-374F-4B39-993C-E0E7599A079F}.Release|x64.Build.0 = Release|x64
		{4CDED7E6-374F-4B39-993C-E0E7599A079F}.Release|x86.ActiveCfg = Release|x86
		{4CDED7E6-374F-4B39-993C-E0E7599A079F}.Release|x86.Build.0 = Release|x86
		{4CDED7E6-374F-4B39-993C-E0E7599A079F}.X86|Any CPU.ActiveCfg = Release|Any CPU
		{4CDED7E6-374F-4B39-993C-E0E7599A079F}.X86|Any CPU.Build.0 = Release|Any CPU
		{4CDED7E6-374F-4B39-993C-E0E7599A079F}.X86|x64.ActiveCfg = Release|x64
		{4CDED7E6-374F-4B39-993C-E0E7599A079F}.X86|x64.Build.0 = Release|x64
		{4CDED7E6-374F-4B39-993C-E0E7599A079F}.X86|x86.ActiveCfg = Release|x86
		{4CDED7E6-374F-4B39-993C-E0E7599A079F}.X86|x86.Build.0 = Release|x86
		{6854FEC3-1AAE-42B8-A534-5B5985B0CC6E}.Debug|Any CPU.ActiveCfg = Debug|Any CPU
		{6854FEC3-1AAE-42B8-A534-5B5985B0CC6E}.Debug|Any CPU.Build.0 = Debug|Any CPU
		{6854FEC3-1AAE-42B8-A534-5B5985B0CC6E}.Debug|x64.ActiveCfg = Debug|x64
		{6854FEC3-1AAE-42B8-A534-5B5985B0CC6E}.Debug|x64.Build.0 = Debug|x64
		{6854FEC3-1AAE-42B8-A534-5B5985B0CC6E}.Debug|x86.ActiveCfg = Debug|x86
		{6854FEC3-1AAE-42B8-A534-5B5985B0CC6E}.Debug|x86.Build.0 = Debug|x86
		{6854FEC3-1AAE-42B8-A534-5B5985B0CC6E}.Release|Any CPU.ActiveCfg = Release|Any CPU
		{6854FEC3-1AAE-42B8-A534-5B5985B0CC6E}.Release|Any CPU.Build.0 = Release|Any CPU
		{6854FEC3-1AAE-42B8-A534-5B5985B0CC6E}.Release|x64.ActiveCfg = Release|x64
		{6854FEC3-1AAE-42B8-A534-5B5985B0CC6E}.Release|x64.Build.0 = Release|x64
		{6854FEC3-1AAE-42B8-A534-5B5985B0CC6E}.Release|x86.ActiveCfg = Release|x86
		{6854FEC3-1AAE-42B8-A534-5B5985B0CC6E}.Release|x86.Build.0 = Release|x86
		{6854FEC3-1AAE-42B8-A534-5B5985B0CC6E}.X86|Any CPU.ActiveCfg = X86|Any CPU
		{6854FEC3-1AAE-42B8-A534-5B5985B0CC6E}.X86|Any CPU.Build.0 = X86|Any CPU
		{6854FEC3-1AAE-42B8-A534-5B5985B0CC6E}.X86|x64.ActiveCfg = X86|x64
		{6854FEC3-1AAE-42B8-A534-5B5985B0CC6E}.X86|x64.Build.0 = X86|x64
		{6854FEC3-1AAE-42B8-A534-5B5985B0CC6E}.X86|x86.ActiveCfg = X86|x86
		{6854FEC3-1AAE-42B8-A534-5B5985B0CC6E}.X86|x86.Build.0 = X86|x86
	EndGlobalSection
	GlobalSection(SolutionProperties) = preSolution
		HideSolutionNode = FALSE
	EndGlobalSection
	GlobalSection(NestedProjects) = preSolution
		{963FA97C-9E9C-440D-957D-ABC6A9D6D02E} = {C5662C42-BE10-407A-92DA-240125AC353E}
		{25560B73-8FE0-4357-8156-19704E247190} = {C5662C42-BE10-407A-92DA-240125AC353E}
		{0BD7E114-A340-4EAE-92E1-C7455F534121} = {81F140C8-B06C-4391-8972-A5B4446D0D4E}
		{AE8F0841-009F-430A-A6E9-6B014FD3DC46} = {0BD7E114-A340-4EAE-92E1-C7455F534121}
		{46F7487B-0E54-43DF-B6EB-864989F1C677} = {81F140C8-B06C-4391-8972-A5B4446D0D4E}
		{1FA80E64-1394-42F1-88E6-A4ADF533F49E} = {AE8F0841-009F-430A-A6E9-6B014FD3DC46}
		{2BA38073-C5C6-4DFD-A2EA-15F00A956F5C} = {0BD7E114-A340-4EAE-92E1-C7455F534121}
		{393CA60A-1633-4A23-801F-FBFF21866282} = {0BD7E114-A340-4EAE-92E1-C7455F534121}
		{08F7D7AA-10F8-4C16-B505-2F2AA7E87E37} = {46F7487B-0E54-43DF-B6EB-864989F1C677}
		{772D0D48-98D1-409C-80E6-FB356C684E55} = {610FD9A3-9E58-421A-ABB2-C75D86FBB817}
		{806875B3-D1C5-4889-B56B-9E8C30A1303C} = {772D0D48-98D1-409C-80E6-FB356C684E55}
		{4CDED7E6-374F-4B39-993C-E0E7599A079F} = {52E1BD21-CB1A-4DA0-A286-993930E6C4B8}
		{6854FEC3-1AAE-42B8-A534-5B5985B0CC6E} = {52E1BD21-CB1A-4DA0-A286-993930E6C4B8}
	EndGlobalSection
	GlobalSection(ExtensibilityGlobals) = postSolution
		SolutionGuid = {7D8A73DC-514D-40E0-B655-7C36EA6A9ADE}
	EndGlobalSection
EndGlobal
